
Microsoft Visual Studio Solution File, Format Version 12.00
# Visual Studio 2013
VisualStudioVersion = 12.0.21005.1
MinimumVisualStudioVersion = 10.0.40219.1
Project("{FAE04EC0-301F-11D3-BF4B-00C04F79EFBC}") = "Register", "Register\Register.csproj", "{BB1C965F-C46D-439A-95C4-BABE29886739}"
EndProject
Project("{FAE04EC0-301F-11D3-BF4B-00C04F79EFBC}") = "Register.biz", "Register.biz\Register.biz.csproj", "{D041B8EA-7EBE-489E-9CF6-69956F6889FD}"
EndProject
Global
	GlobalSection(SolutionConfigurationPlatforms) = preSolution
		Debug|Any CPU = Debug|Any CPU
		Release|Any CPU = Release|Any CPU
	EndGlobalSection
	GlobalSection(ProjectConfigurationPlatforms) = postSolution
		{BB1C965F-C46D-439A-95C4-BABE29886739}.Debug|Any CPU.ActiveCfg = Debug|Any CPU
		{BB1C965F-C46D-439A-95C4-BABE29886739}.Debug|Any CPU.Build.0 = Debug|Any CPU
		{BB1C965F-C46D-439A-95C4-BABE29886739}.Release|Any CPU.ActiveCfg = Release|Any CPU
		{BB1C965F-C46D-439A-95C4-BABE29886739}.Release|Any CPU.Build.0 = Release|Any CPU
		{D041B8EA-7EBE-489E-9CF6-69956F6889FD}.Debug|Any CPU.ActiveCfg = Debug|Any CPU
		{D041B8EA-7EBE-489E-9CF6-69956F6889FD}.Debug|Any CPU.Build.0 = Debug|Any CPU
		{D041B8EA-7EBE-489E-9CF6-69956F6889FD}.Release|Any CPU.ActiveCfg = Release|Any CPU
		{D041B8EA-7EBE-489E-9CF6-69956F6889FD}.Release|Any CPU.Build.0 = Release|Any CPU
	EndGlobalSection
	GlobalSection(SolutionProperties) = preSolution
		HideSolutionNode = FALSE
	EndGlobalSection
EndGlobal
